
Microsoft Visual Studio Solution File, Format Version 12.00
# Visual Studio Version 16
VisualStudioVersion = 16.0.30523.141
MinimumVisualStudioVersion = 10.0.40219.1
Project("{FAE04EC0-301F-11D3-BF4B-00C04F79EFBC}") = "App Simple", "App Simple\App Simple.csproj", "{FAF9D7E6-AC16-4743-9E07-305D9448EFEA}"
EndProject
Global
	GlobalSection(SolutionConfigurationPlatforms) = preSolution
		Debug|Any CPU = Debug|Any CPU
		Release|Any CPU = Release|Any CPU
	EndGlobalSection
	GlobalSection(ProjectConfigurationPlatforms) = postSolution
		{FAF9D7E6-AC16-4743-9E07-305D9448EFEA}.Debug|Any CPU.ActiveCfg = Debug|Any CPU
		{FAF9D7E6-AC16-4743-9E07-305D9448EFEA}.Debug|Any CPU.Build.0 = Debug|Any CPU
		{FAF9D7E6-AC16-4743-9E07-305D9448EFEA}.Release|Any CPU.ActiveCfg = Release|Any CPU
		{FAF9D7E6-AC16-4743-9E07-305D9448EFEA}.Release|Any CPU.Build.0 = Release|Any CPU
	EndGlobalSection
	GlobalSection(SolutionProperties) = preSolution
		HideSolutionNode = FALSE
	EndGlobalSection
	GlobalSection(ExtensibilityGlobals) = postSolution
		SolutionGuid = {D084B1F6-D32B-4F7F-B57E-A8A9D8A904AE}
	EndGlobalSection
EndGlobal
